<?xml version="1.0" encoding="utf-8"?>
<Project ToolsVersion="4.0" xmlns="http://schemas.microsoft.com/developer/msbuild/2003">
  <ItemGroup>
    <Filter Include="src">
      <UniqueIdentifier>{da116cb3-717b-4304-af70-bef7bd09f4d3}</UniqueIdentifier>
    </Filter>
    <Filter Include="src\Layers">
      <UniqueIdentifier>{c0c5e023-3758-4da8-a9b7-6696da82ab87}</UniqueIdentifier>
    </Filter>
    <Filter Include="src\Editor">
      <UniqueIdentifier>{2d8ed3a3-2b3f-4802-bfb0-5176ea6081e0}</UniqueIdentifier>
    </Filter>
  </ItemGroup>
  <ItemGroup>
    <ClCompile Include="src\launch.cpp">
      <Filter>src</Filter>
    </ClCompile>
    <ClCompile Include="src\Layers\baselayer.cpp">
      <Filter>src\Layers</Filter>
    </ClCompile>
    <ClCompile Include="src\Layers\statisticspanellayer.cpp">
      <Filter>src\Layers</Filter>
    </ClCompile>
    <ClCompile Include="src\Layers\scriptinglayer.cpp">
      <Filter>src\Layers</Filter>
    </ClCompile>
    <ClCompile Include="src\Layers\editorbaselayer.cpp">
      <Filter>src\Layers</Filter>
    </ClCompile>
    <ClCompile Include="src\Layers\editorwindowlayer.cpp">
      <Filter>src\Layers</Filter>
    </ClCompile>
    <ClCompile Include="src\editor.cpp">
      <Filter>src\Editor</Filter>
    </ClCompile>
    <ClCompile Include="src\editorgui.cpp">
      <Filter>src\Editor</Filter>
    </ClCompile>
    <ClCompile Include="src\assetbrowser.cpp">
      <Filter>src\Editor</Filter>
    </ClCompile>
    <ClCompile Include="src\selectionsystem.cpp">
      <Filter>src\Editor</Filter>
    </ClCompile>
    <ClCompile Include="src\hierarchyview.cpp">
      <Filter>src\Editor</Filter>
    </ClCompile>
    <ClCompile Include="src\componentviewer.cpp">
      <Filter>src\Editor</Filter>
    </ClCompile>
    <ClCompile Include="src\inspector.cpp">
      <Filter>src\Editor</Filter>
    </ClCompile>
    <ClCompile Include="src\editorcomponents.cpp">
      <Filter>src</Filter>
    </ClCompile>
    <ClCompile Include="src\prefabeditor.cpp">
      <Filter>src\Editor</Filter>
    </ClCompile>
    <ClCompile Include="src\sceneview.cpp">
      <Filter>src\Editor</Filter>
    </ClCompile>
    <ClCompile Include="src\Layers\renderinglayer.cpp">
      <Filter>src\Layers</Filter>
    </ClCompile>
    <ClCompile Include="src\Layers\physicslayer.cpp">
      <Filter>src\Layers</Filter>
    </ClCompile>
    <ClCompile Include="src\Layers\audiolayer.cpp">
      <Filter>src\Layers</Filter>
    </ClCompile>
    <ClCompile Include="src\Layers\camerasystemlayer.cpp">
      <Filter>src\Layers</Filter>
    </ClCompile>
    <ClCompile Include="src\Layers\particlesystemlayer.cpp">
      <Filter>src\Layers</Filter>
    </ClCompile>
    <ClCompile Include="src\gameview.cpp">
      <Filter>src\Editor</Filter>
    </ClCompile>
  </ItemGroup>
  <ItemGroup>
    <ClInclude Include="src\Layers.h">
      <Filter>src</Filter>
    </ClInclude>
    <ClInclude Include="src\Layers\baselayer.h">
      <Filter>src\Layers</Filter>
    </ClInclude>
    <ClInclude Include="src\Layers\statisticspanellayer.h">
      <Filter>src\Layers</Filter>
    </ClInclude>
    <ClInclude Include="src\Layers\scriptinglayer.h">
      <Filter>src\Layers</Filter>
    </ClInclude>
    <ClInclude Include="src\Layers\editorbaselayer.h">
      <Filter>src\Layers</Filter>
    </ClInclude>
    <ClInclude Include="resource.h" />
    <ClInclude Include="src\Layers\editorwindowlayer.h">
      <Filter>src\Layers</Filter>
    </ClInclude>
    <ClInclude Include="src\editor.h">
      <Filter>src\Editor</Filter>
    </ClInclude>
    <ClInclude Include="src\editorpanel.h">
      <Filter>src\Editor</Filter>
    </ClInclude>
    <ClInclude Include="src\editorgui.h">
      <Filter>src\Editor</Filter>
    </ClInclude>
    <ClInclude Include="src\imguipayloads.h">
      <Filter>src\Editor</Filter>
    </ClInclude>
    <ClInclude Include="src\assetbrowser.h">
      <Filter>src\Editor</Filter>
    </ClInclude>
    <ClInclude Include="src\editorsystem.h">
      <Filter>src\Editor</Filter>
    </ClInclude>
    <ClInclude Include="src\selectionsystem.h">
      <Filter>src\Editor</Filter>
    </ClInclude>
    <ClInclude Include="src\hierarchyview.h">
      <Filter>src\Editor</Filter>
    </ClInclude>
    <ClInclude Include="src\componentviewer.h">
      <Filter>src\Editor</Filter>
    </ClInclude>
    <ClInclude Include="src\inspector.h">
      <Filter>src\Editor</Filter>
    </ClInclude>
    <ClInclude Include="src\editorcomponents.h">
      <Filter>src</Filter>
    </ClInclude>
    <ClInclude Include="src\prefabeditor.h">
      <Filter>src\Editor</Filter>
    </ClInclude>
    <ClInclude Include="src\sceneview.h">
      <Filter>src\Editor</Filter>
    </ClInclude>
    <ClInclude Include="src\Layers\renderinglayer.h">
      <Filter>src\Layers</Filter>
    </ClInclude>
    <ClInclude Include="src\Layers\physicslayer.h">
      <Filter>src\Layers</Filter>
    </ClInclude>
    <ClInclude Include="src\Layers\audiolayer.h">
      <Filter>src\Layers</Filter>
    </ClInclude>
    <ClInclude Include="src\Layers\camerasystemlayer.h">
      <Filter>src\Layers</Filter>
    </ClInclude>
    <ClInclude Include="src\Layers\particlesystemlayer.h">
      <Filter>src\Layers</Filter>
    </ClInclude>
    <ClInclude Include="src\gameview.h">
      <Filter>src\Editor</Filter>
    </ClInclude>
  </ItemGroup>
  <ItemGroup>
    <Image Include="..\assets\images\flexengine\flexengine-256.ico" />
  </ItemGroup>
  <ItemGroup>
    <ResourceCompile Include="resource.rc" />
  </ItemGroup>
</Project>