<?xml version="1.0" encoding="utf-8"?>
<Project ToolsVersion="4.0" xmlns="http://schemas.microsoft.com/developer/msbuild/2003">
  <ItemGroup>
    <Filter Include="src">
      <UniqueIdentifier>{db7e1775-1e66-441e-814f-59866a44b4a0}</UniqueIdentifier>
    </Filter>
  </ItemGroup>
  <ItemGroup>
    <ClCompile Include="src\playanimation.cpp">
      <Filter>src</Filter>
    </ClCompile>
    <ClCompile Include="src\testbutton.cpp">
      <Filter>src</Filter>
    </ClCompile>
    <ClCompile Include="src\moveone.cpp">
      <Filter>src</Filter>
    </ClCompile>
    <ClCompile Include="src\movethree.cpp">
      <Filter>src</Filter>
    </ClCompile>
    <ClCompile Include="src\movetwo.cpp">
      <Filter>src</Filter>
    </ClCompile>
    <ClCompile Include="src\targettwo.cpp">
      <Filter>src</Filter>
    </ClCompile>
    <ClCompile Include="src\targetthree.cpp">
      <Filter>src</Filter>
    </ClCompile>
    <ClCompile Include="src\targetfour.cpp">
      <Filter>src</Filter>
    </ClCompile>
    <ClCompile Include="src\targetfive.cpp">
      <Filter>src</Filter>
    </ClCompile>
    <ClCompile Include="src\targetone.cpp">
      <Filter>src</Filter>
    </ClCompile>
    <ClCompile Include="src\cutscene_autoplaybutton.cpp">
      <Filter>src</Filter>
    </ClCompile>
    <ClCompile Include="src\transitionhandler.cpp">
      <Filter>src</Filter>
    </ClCompile>
    <ClCompile Include="src\movevfx.cpp">
      <Filter>src</Filter>
    </ClCompile>
    <ClCompile Include="src\volume_sfx_rightbutton.cpp">
      <Filter>src</Filter>
    </ClCompile>
    <ClCompile Include="src\volume_sfx_leftbutton.cpp">
      <Filter>src</Filter>
    </ClCompile>
    <ClCompile Include="src\volume_master_sprite.cpp">
      <Filter>src</Filter>
    </ClCompile>
    <ClCompile Include="src\volume_master_slider.cpp">
      <Filter>src</Filter>
    </ClCompile>
    <ClCompile Include="src\volume_master_knob.cpp">
      <Filter>src</Filter>
    </ClCompile>
    <ClCompile Include="src\volume_master_rightbutton.cpp">
      <Filter>src</Filter>
    </ClCompile>
    <ClCompile Include="src\volume_master_leftbutton.cpp">
      <Filter>src</Filter>
    </ClCompile>
    <ClCompile Include="src\volume_bgm_sprite.cpp">
      <Filter>src</Filter>
    </ClCompile>
    <ClCompile Include="src\volume_bgm_slider.cpp">
      <Filter>src</Filter>
    </ClCompile>
    <ClCompile Include="src\volume_bgm_knob.cpp">
      <Filter>src</Filter>
    </ClCompile>
    <ClCompile Include="src\volume_bgm_rightbutton.cpp">
      <Filter>src</Filter>
    </ClCompile>
    <ClCompile Include="src\volume_bgm_leftbutton.cpp">
      <Filter>src</Filter>
    </ClCompile>
    <ClCompile Include="src\pause_game_settingsbutton.cpp">
      <Filter>src</Filter>
    </ClCompile>
    <ClCompile Include="src\pause_game_resumebutton.cpp">
      <Filter>src</Filter>
    </ClCompile>
    <ClCompile Include="src\pause_game_quitbutton.cpp">
      <Filter>src</Filter>
    </ClCompile>
    <ClCompile Include="src\town_playermovement.cpp">
      <Filter>src</Filter>
    </ClCompile>
    <ClCompile Include="src\mainmenu_playbutton.cpp">
      <Filter>src</Filter>
    </ClCompile>
    <ClCompile Include="src\pause_main_returnbutton.cpp">
      <Filter>src</Filter>
    </ClCompile>
    <ClCompile Include="src\pause_main_quitbutton.cpp">
      <Filter>src</Filter>
    </ClCompile>
    <ClCompile Include="src\mainmenu_quitbutton.cpp">
      <Filter>src</Filter>
    </ClCompile>
    <ClCompile Include="src\pause_display_sprite.cpp">
      <Filter>src</Filter>
    </ClCompile>
    <ClCompile Include="src\pause_game_creditsbutton.cpp">
      <Filter>src</Filter>
    </ClCompile>
    <ClCompile Include="src\pause_display_rightbutton.cpp">
      <Filter>src</Filter>
    </ClCompile>
    <ClCompile Include="src\pause_display_leftbutton.cpp">
      <Filter>src</Filter>
    </ClCompile>
    <ClCompile Include="src\volume_sfx_sprite.cpp">
      <Filter>src</Filter>
    </ClCompile>
    <ClCompile Include="src\volume_sfx_slider.cpp">
      <Filter>src</Filter>
    </ClCompile>
    <ClCompile Include="src\volume_sfx_knob.cpp">
      <Filter>src</Filter>
    </ClCompile>
    <ClCompile Include="src\pause_htp_leftbutton.cpp">
      <Filter>src</Filter>
    </ClCompile>
    <ClCompile Include="src\mainmenu_optionsbutton.cpp">
      <Filter>src</Filter>
    </ClCompile>
    <ClCompile Include="src\pause_htp_rightbutton.cpp">
      <Filter>src</Filter>
    </ClCompile>
    <ClCompile Include="src\pause_quit_yesbutton.cpp">
      <Filter>src</Filter>
    </ClCompile>
    <ClCompile Include="src\pause_quit_nobutton.cpp">
      <Filter>src</Filter>
    </ClCompile>
  </ItemGroup>
</Project>